// !$*UTF8*$!
{
	archiveVersion = 1;
	classes = {
	};
	objectVersion = 56;
	objects = {

/* Begin PBXBuildFile section */
		A8088EA52C536285005249EF /* AppDelegate.swift in Sources */ = {isa = PBXBuildFile; fileRef = A8088EA42C536285005249EF /* AppDelegate.swift */; };
		A8088EA72C536285005249EF /* SceneDelegate.swift in Sources */ = {isa = PBXBuildFile; fileRef = A8088EA62C536285005249EF /* SceneDelegate.swift */; };
		A8088EAE2C536287005249EF /* Assets.xcassets in Resources */ = {isa = PBXBuildFile; fileRef = A8088EAD2C536287005249EF /* Assets.xcassets */; };
		A8088EB12C536287005249EF /* Base in Resources */ = {isa = PBXBuildFile; fileRef = A8088EB02C536287005249EF /* Base */; };
		A8088EB92C536479005249EF /* TabBarController.swift in Sources */ = {isa = PBXBuildFile; fileRef = A8088EB82C536479005249EF /* TabBarController.swift */; };
		A8088EBB2C5364F3005249EF /* WeatherVC.swift in Sources */ = {isa = PBXBuildFile; fileRef = A8088EBA2C5364F3005249EF /* WeatherVC.swift */; };
		A8088EBD2C536524005249EF /* WeatherManager.swift in Sources */ = {isa = PBXBuildFile; fileRef = A8088EBC2C536524005249EF /* WeatherManager.swift */; };
		A8088EC42C536587005249EF /* CurrentWeatherView.swift in Sources */ = {isa = PBXBuildFile; fileRef = A8088EC32C536587005249EF /* CurrentWeatherView.swift */; };
		A8088EC62C536590005249EF /* SettingsView.swift in Sources */ = {isa = PBXBuildFile; fileRef = A8088EC52C536590005249EF /* SettingsView.swift */; };
		A8088EC82C5365CB005249EF /* SettingsViewViewModel.swift in Sources */ = {isa = PBXBuildFile; fileRef = A8088EC72C5365CB005249EF /* SettingsViewViewModel.swift */; };
		A8088ECA2C536606005249EF /* LocationManager.swift in Sources */ = {isa = PBXBuildFile; fileRef = A8088EC92C536606005249EF /* LocationManager.swift */; };
		A8088ECC2C53663C005249EF /* SettingsVC.swift in Sources */ = {isa = PBXBuildFile; fileRef = A8088ECB2C53663C005249EF /* SettingsVC.swift */; };
/* End PBXBuildFile section */

/* Begin PBXFileReference section */
		A8088EA12C536285005249EF /* WeatherKitApp.app */ = {isa = PBXFileReference; explicitFileType = wrapper.application; includeInIndex = 0; path = WeatherKitApp.app; sourceTree = BUILT_PRODUCTS_DIR; };
		A8088EA42C536285005249EF /* AppDelegate.swift */ = {isa = PBXFileReference; lastKnownFileType = sourcecode.swift; path = AppDelegate.swift; sourceTree = "<group>"; };
		A8088EA62C536285005249EF /* SceneDelegate.swift */ = {isa = PBXFileReference; lastKnownFileType = sourcecode.swift; path = SceneDelegate.swift; sourceTree = "<group>"; };
		A8088EAD2C536287005249EF /* Assets.xcassets */ = {isa = PBXFileReference; lastKnownFileType = folder.assetcatalog; path = Assets.xcassets; sourceTree = "<group>"; };
		A8088EB02C536287005249EF /* Base */ = {isa = PBXFileReference; lastKnownFileType = file.storyboard; name = Base; path = Base.lproj/LaunchScreen.storyboard; sourceTree = "<group>"; };
		A8088EB22C536287005249EF /* Info.plist */ = {isa = PBXFileReference; lastKnownFileType = text.plist.xml; path = Info.plist; sourceTree = "<group>"; };
		A8088EB82C536479005249EF /* TabBarController.swift */ = {isa = PBXFileReference; lastKnownFileType = sourcecode.swift; path = TabBarController.swift; sourceTree = "<group>"; };
		A8088EBA2C5364F3005249EF /* WeatherVC.swift */ = {isa = PBXFileReference; lastKnownFileType = sourcecode.swift; path = WeatherVC.swift; sourceTree = "<group>"; };
		A8088EBC2C536524005249EF /* WeatherManager.swift */ = {isa = PBXFileReference; lastKnownFileType = sourcecode.swift; path = WeatherManager.swift; sourceTree = "<group>"; };
		A8088EBE2C53653A005249EF /* WeatherKitApp.entitlements */ = {isa = PBXFileReference; lastKnownFileType = text.plist.entitlements; path = WeatherKitApp.entitlements; sourceTree = "<group>"; };
		A8088EC32C536587005249EF /* CurrentWeatherView.swift */ = {isa = PBXFileReference; lastKnownFileType = sourcecode.swift; path = CurrentWeatherView.swift; sourceTree = "<group>"; };
		A8088EC52C536590005249EF /* SettingsView.swift */ = {isa = PBXFileReference; lastKnownFileType = sourcecode.swift; path = SettingsView.swift; sourceTree = "<group>"; };
		A8088EC72C5365CB005249EF /* SettingsViewViewModel.swift */ = {isa = PBXFileReference; lastKnownFileType = sourcecode.swift; path = SettingsViewViewModel.swift; sourceTree = "<group>"; };
		A8088EC92C536606005249EF /* LocationManager.swift */ = {isa = PBXFileReference; lastKnownFileType = sourcecode.swift; path = LocationManager.swift; sourceTree = "<group>"; };
		A8088ECB2C53663C005249EF /* SettingsVC.swift */ = {isa = PBXFileReference; lastKnownFileType = sourcecode.swift; path = SettingsVC.swift; sourceTree = "<group>"; };
/* End PBXFileReference section */

/* Begin PBXFrameworksBuildPhase section */
		A8088E9E2C536285005249EF /* Frameworks */ = {
			isa = PBXFrameworksBuildPhase;
			buildActionMask = 2147483647;
			files = (
			);
			runOnlyForDeploymentPostprocessing = 0;
		};
/* End PBXFrameworksBuildPhase section */

/* Begin PBXGroup section */
		A8088E982C536285005249EF = {
			isa = PBXGroup;
			children = (
				A8088EA32C536285005249EF /* WeatherKitApp */,
				A8088EA22C536285005249EF /* Products */,
			);
			sourceTree = "<group>";
		};
		A8088EA22C536285005249EF /* Products */ = {
			isa = PBXGroup;
			children = (
				A8088EA12C536285005249EF /* WeatherKitApp.app */,
			);
			name = Products;
			sourceTree = "<group>";
		};
		A8088EA32C536285005249EF /* WeatherKitApp */ = {
			isa = PBXGroup;
			children = (
				A8088EBE2C53653A005249EF /* WeatherKitApp.entitlements */,
				A8088EA42C536285005249EF /* AppDelegate.swift */,
				A8088EA62C536285005249EF /* SceneDelegate.swift */,
				A8088EC22C536574005249EF /* Views */,
				A8088EC12C536555005249EF /* ViewModels */,
				A8088EC02C53654F005249EF /* Controllers */,
				A8088EBF2C536547005249EF /* Managers */,
				A8088EAD2C536287005249EF /* Assets.xcassets */,
				A8088EAF2C536287005249EF /* LaunchScreen.storyboard */,
				A8088EB22C536287005249EF /* Info.plist */,
			);
			path = WeatherKitApp;
			sourceTree = "<group>";
		};
		A8088EBF2C536547005249EF /* Managers */ = {
			isa = PBXGroup;
			children = (
				A8088EBC2C536524005249EF /* WeatherManager.swift */,
				A8088EC92C536606005249EF /* LocationManager.swift */,
			);
			path = Managers;
			sourceTree = "<group>";
		};
		A8088EC02C53654F005249EF /* Controllers */ = {
			isa = PBXGroup;
			children = (
				A8088EBA2C5364F3005249EF /* WeatherVC.swift */,
				A8088ECB2C53663C005249EF /* SettingsVC.swift */,
				A8088EB82C536479005249EF /* TabBarController.swift */,
			);
			path = Controllers;
			sourceTree = "<group>";
		};
		A8088EC12C536555005249EF /* ViewModels */ = {
			isa = PBXGroup;
			children = (
				A8088EC72C5365CB005249EF /* SettingsViewViewModel.swift */,
			);
			path = ViewModels;
			sourceTree = "<group>";
		};
		A8088EC22C536574005249EF /* Views */ = {
			isa = PBXGroup;
			children = (
				A8088EC32C536587005249EF /* CurrentWeatherView.swift */,
				A8088EC52C536590005249EF /* SettingsView.swift */,
			);
			path = Views;
			sourceTree = "<group>";
		};
/* End PBXGroup section */

/* Begin PBXNativeTarget section */
		A8088EA02C536285005249EF /* WeatherKitApp */ = {
			isa = PBXNativeTarget;
			buildConfigurationList = A8088EB52C536287005249EF /* Build configuration list for PBXNativeTarget "WeatherKitApp" */;
			buildPhases = (
				A8088E9D2C536285005249EF /* Sources */,
				A8088E9E2C536285005249EF /* Frameworks */,
				A8088E9F2C536285005249EF /* Resources */,
			);
			buildRules = (
			);
			dependencies = (
			);
			name = WeatherKitApp;
			productName = WeatherKitApp;
			productReference = A8088EA12C536285005249EF /* WeatherKitApp.app */;
			productType = "com.apple.product-type.application";
		};
/* End PBXNativeTarget section */

/* Begin PBXProject section */
		A8088E992C536285005249EF /* Project object */ = {
			isa = PBXProject;
			attributes = {
				BuildIndependentTargetsInParallel = 1;
				LastSwiftUpdateCheck = 1540;
				LastUpgradeCheck = 1540;
				TargetAttributes = {
					A8088EA02C536285005249EF = {
						CreatedOnToolsVersion = 15.4;
					};
				};
			};
			buildConfigurationList = A8088E9C2C536285005249EF /* Build configuration list for PBXProject "WeatherKitApp" */;
			compatibilityVersion = "Xcode 14.0";
			developmentRegion = en;
			hasScannedForEncodings = 0;
			knownRegions = (
				en,
				Base,
			);
			mainGroup = A8088E982C536285005249EF;
			productRefGroup = A8088EA22C536285005249EF /* Products */;
			projectDirPath = "";
			projectRoot = "";
			targets = (
				A8088EA02C536285005249EF /* WeatherKitApp */,
			);
		};
/* End PBXProject section */

/* Begin PBXResourcesBuildPhase section */
		A8088E9F2C536285005249EF /* Resources */ = {
			isa = PBXResourcesBuildPhase;
			buildActionMask = 2147483647;
			files = (
				A8088EAE2C536287005249EF /* Assets.xcassets in Resources */,
				A8088EB12C536287005249EF /* Base in Resources */,
			);
			runOnlyForDeploymentPostprocessing = 0;
		};
/* End PBXResourcesBuildPhase section */

/* Begin PBXSourcesBuildPhase section */
		A8088E9D2C536285005249EF /* Sources */ = {
			isa = PBXSourcesBuildPhase;
			buildActionMask = 2147483647;
			files = (
				A8088EC62C536590005249EF /* SettingsView.swift in Sources */,
				A8088EBD2C536524005249EF /* WeatherManager.swift in Sources */,
				A8088EB92C536479005249EF /* TabBarController.swift in Sources */,
				A8088EA52C536285005249EF /* AppDelegate.swift in Sources */,
				A8088EC42C536587005249EF /* CurrentWeatherView.swift in Sources */,
				A8088EA72C536285005249EF /* SceneDelegate.swift in Sources */,
				A8088EC82C5365CB005249EF /* SettingsViewViewModel.swift in Sources */,
				A8088EBB2C5364F3005249EF /* WeatherVC.swift in Sources */,
				A8088ECA2C536606005249EF /* LocationManager.swift in Sources */,
				A8088ECC2C53663C005249EF /* SettingsVC.swift in Sources */,
			);
			runOnlyForDeploymentPostprocessing = 0;
		};
/* End PBXSourcesBuildPhase section */

/* Begin PBXVariantGroup section */
		A8088EAF2C536287005249EF /* LaunchScreen.storyboard */ = {
			isa = PBXVariantGroup;
			children = (
				A8088EB02C536287005249EF /* Base */,
			);
			name = LaunchScreen.storyboard;
			sourceTree = "<group>";
		};
/* End PBXVariantGroup section */

/* Begin XCBuildConfiguration section */
		A8088EB32C536287005249EF /* Debug */ = {
			isa = XCBuildConfiguration;
			buildSettings = {
				ALWAYS_SEARCH_USER_PATHS = NO;
				ASSETCATALOG_COMPILER_GENERATE_SWIFT_ASSET_SYMBOL_EXTENSIONS = YES;
				CLANG_ANALYZER_NONNULL = YES;
				CLANG_ANALYZER_NUMBER_OBJECT_CONVERSION = YES_AGGRESSIVE;
				CLANG_CXX_LANGUAGE_STANDARD = "gnu++20";
				CLANG_ENABLE_MODULES = YES;
				CLANG_ENABLE_OBJC_ARC = YES;
				CLANG_ENABLE_OBJC_WEAK = YES;
				CLANG_WARN_BLOCK_CAPTURE_AUTORELEASING = YES;
				CLANG_WARN_BOOL_CONVERSION = YES;
				CLANG_WARN_COMMA = YES;
				CLANG_WARN_CONSTANT_CONVERSION = YES;
				CLANG_WARN_DEPRECATED_OBJC_IMPLEMENTATIONS = YES;
				CLANG_WARN_DIRECT_OBJC_ISA_USAGE = YES_ERROR;
				CLANG_WARN_DOCUMENTATION_COMMENTS = YES;
				CLANG_WARN_EMPTY_BODY = YES;
				CLANG_WARN_ENUM_CONVERSION = YES;
				CLANG_WARN_INFINITE_RECURSION = YES;
				CLANG_WARN_INT_CONVERSION = YES;
				CLANG_WARN_NON_LITERAL_NULL_CONVERSION = YES;
				CLANG_WARN_OBJC_IMPLICIT_RETAIN_SELF = YES;
				CLANG_WARN_OBJC_LITERAL_CONVERSION = YES;
				CLANG_WARN_OBJC_ROOT_CLASS = YES_ERROR;
				CLANG_WARN_QUOTED_INCLUDE_IN_FRAMEWORK_HEADER = YES;
				CLANG_WARN_RANGE_LOOP_ANALYSIS = YES;
				CLANG_WARN_STRICT_PROTOTYPES = YES;
				CLANG_WARN_SUSPICIOUS_MOVE = YES;
				CLANG_WARN_UNGUARDED_AVAILABILITY = YES_AGGRESSIVE;
				CLANG_WARN_UNREACHABLE_CODE = YES;
				CLANG_WARN__DUPLICATE_METHOD_MATCH = YES;
				COPY_PHASE_STRIP = NO;
				DEBUG_INFORMATION_FORMAT = dwarf;
				ENABLE_STRICT_OBJC_MSGSEND = YES;
				ENABLE_TESTABILITY = YES;
				ENABLE_USER_SCRIPT_SANDBOXING = YES;
				GCC_C_LANGUAGE_STANDARD = gnu17;
				GCC_DYNAMIC_NO_PIC = NO;
				GCC_NO_COMMON_BLOCKS = YES;
				GCC_OPTIMIZATION_LEVEL = 0;
				GCC_PREPROCESSOR_DEFINITIONS = (
					"DEBUG=1",
					"$(inherited)",
				);
				GCC_WARN_64_TO_32_BIT_CONVERSION = YES;
				GCC_WARN_ABOUT_RETURN_TYPE = YES_ERROR;
				GCC_WARN_UNDECLARED_SELECTOR = YES;
				GCC_WARN_UNINITIALIZED_AUTOS = YES_AGGRESSIVE;
				GCC_WARN_UNUSED_FUNCTION = YES;
				GCC_WARN_UNUSED_VARIABLE = YES;
				IPHONEOS_DEPLOYMENT_TARGET = 17.5;
				LOCALIZATION_PREFERS_STRING_CATALOGS = YES;
				MTL_ENABLE_DEBUG_INFO = INCLUDE_SOURCE;
				MTL_FAST_MATH = YES;
				ONLY_ACTIVE_ARCH = YES;
				SDKROOT = iphoneos;
				SWIFT_ACTIVE_COMPILATION_CONDITIONS = "DEBUG $(inherited)";
				SWIFT_OPTIMIZATION_LEVEL = "-Onone";
			};
			name = Debug;
		};
		A8088EB42C536287005249EF /* Release */ = {
			isa = XCBuildConfiguration;
			buildSettings = {
				ALWAYS_SEARCH_USER_PATHS = NO;
				ASSETCATALOG_COMPILER_GENERATE_SWIFT_ASSET_SYMBOL_EXTENSIONS = YES;
				CLANG_ANALYZER_NONNULL = YES;
				CLANG_ANALYZER_NUMBER_OBJECT_CONVERSION = YES_AGGRESSIVE;
				CLANG_CXX_LANGUAGE_STANDARD = "gnu++20";
				CLANG_ENABLE_MODULES = YES;
				CLANG_ENABLE_OBJC_ARC = YES;
				CLANG_ENABLE_OBJC_WEAK = YES;
				CLANG_WARN_BLOCK_CAPTURE_AUTORELEASING = YES;
				CLANG_WARN_BOOL_CONVERSION = YES;
				CLANG_WARN_COMMA = YES;
				CLANG_WARN_CONSTANT_CONVERSION = YES;
				CLANG_WARN_DEPRECATED_OBJC_IMPLEMENTATIONS = YES;
				CLANG_WARN_DIRECT_OBJC_ISA_USAGE = YES_ERROR;
				CLANG_WARN_DOCUMENTATION_COMMENTS = YES;
				CLANG_WARN_EMPTY_BODY = YES;
				CLANG_WARN_ENUM_CONVERSION = YES;
				CLANG_WARN_INFINITE_RECURSION = YES;
				CLANG_WARN_INT_CONVERSION = YES;
				CLANG_WARN_NON_LITERAL_NULL_CONVERSION = YES;
				CLANG_WARN_OBJC_IMPLICIT_RETAIN_SELF = YES;
				CLANG_WARN_OBJC_LITERAL_CONVERSION = YES;
				CLANG_WARN_OBJC_ROOT_CLASS = YES_ERROR;
				CLANG_WARN_QUOTED_INCLUDE_IN_FRAMEWORK_HEADER = YES;
				CLANG_WARN_RANGE_LOOP_ANALYSIS = YES;
				CLANG_WARN_STRICT_PROTOTYPES = YES;
				CLANG_WARN_SUSPICIOUS_MOVE = YES;
				CLANG_WARN_UNGUARDED_AVAILABILITY = YES_AGGRESSIVE;
				CLANG_WARN_UNREACHABLE_CODE = YES;
				CLANG_WARN__DUPLICATE_METHOD_MATCH = YES;
				COPY_PHASE_STRIP = NO;
				DEBUG_INFORMATION_FORMAT = "dwarf-with-dsym";
				ENABLE_NS_ASSERTIONS = NO;
				ENABLE_STRICT_OBJC_MSGSEND = YES;
				ENABLE_USER_SCRIPT_SANDBOXING = YES;
				GCC_C_LANGUAGE_STANDARD = gnu17;
				GCC_NO_COMMON_BLOCKS = YES;
				GCC_WARN_64_TO_32_BIT_CONVERSION = YES;
				GCC_WARN_ABOUT_RETURN_TYPE = YES_ERROR;
				GCC_WARN_UNDECLARED_SELECTOR = YES;
				GCC_WARN_UNINITIALIZED_AUTOS = YES_AGGRESSIVE;
				GCC_WARN_UNUSED_FUNCTION = YES;
				GCC_WARN_UNUSED_VARIABLE = YES;
				IPHONEOS_DEPLOYMENT_TARGET = 17.5;
				LOCALIZATION_PREFERS_STRING_CATALOGS = YES;
				MTL_ENABLE_DEBUG_INFO = NO;
				MTL_FAST_MATH = YES;
				SDKROOT = iphoneos;
				SWIFT_COMPILATION_MODE = wholemodule;
				VALIDATE_PRODUCT = YES;
			};
			name = Release;
		};
		A8088EB62C536287005249EF /* Debug */ = {
			isa = XCBuildConfiguration;
			buildSettings = {
				ASSETCATALOG_COMPILER_APPICON_NAME = AppIcon;
				ASSETCATALOG_COMPILER_GLOBAL_ACCENT_COLOR_NAME = AccentColor;
				CODE_SIGN_ENTITLEMENTS = WeatherKitApp/WeatherKitApp.entitlements;
				CODE_SIGN_STYLE = Automatic;
				CURRENT_PROJECT_VERSION = 1;
				DEVELOPMENT_TEAM = CKCH7MGXV3;
				GENERATE_INFOPLIST_FILE = YES;
				INFOPLIST_FILE = WeatherKitApp/Info.plist;
				INFOPLIST_KEY_UIApplicationSupportsIndirectInputEvents = YES;
				INFOPLIST_KEY_UILaunchStoryboardName = LaunchScreen;
				INFOPLIST_KEY_UISupportedInterfaceOrientations_iPad = "UIInterfaceOrientationPortrait UIInterfaceOrientationPortraitUpsideDown UIInterfaceOrientationLandscapeLeft UIInterfaceOrientationLandscapeRight";
				INFOPLIST_KEY_UISupportedInterfaceOrientations_iPhone = "UIInterfaceOrientationPortrait UIInterfaceOrientationLandscapeLeft UIInterfaceOrientationLandscapeRight";
				LD_RUNPATH_SEARCH_PATHS = (
					"$(inherited)",
					"@executable_path/Frameworks",
				);
				MARKETING_VERSION = 1.0;
				PRODUCT_BUNDLE_IDENTIFIER = com.luiscalvillo.weatherkit;
				PRODUCT_NAME = "$(TARGET_NAME)";
				SWIFT_EMIT_LOC_STRINGS = YES;
				SWIFT_VERSION = 5.0;
				TARGETED_DEVICE_FAMILY = "1,2";
			};
			name = Debug;
		};
		A8088EB72C536287005249EF /* Release */ = {
			isa = XCBuildConfiguration;
			buildSettings = {
				ASSETCATALOG_COMPILER_APPICON_NAME = AppIcon;
				ASSETCATALOG_COMPILER_GLOBAL_ACCENT_COLOR_NAME = AccentColor;
				CODE_SIGN_ENTITLEMENTS = WeatherKitApp/WeatherKitApp.entitlements;
				CODE_SIGN_STYLE = Automatic;
				CURRENT_PROJECT_VERSION = 1;
				DEVELOPMENT_TEAM = CKCH7MGXV3;
				GENERATE_INFOPLIST_FILE = YES;
				INFOPLIST_FILE = WeatherKitApp/Info.plist;
				INFOPLIST_KEY_UIApplicationSupportsIndirectInputEvents = YES;
				INFOPLIST_KEY_UILaunchStoryboardName = LaunchScreen;
				INFOPLIST_KEY_UISupportedInterfaceOrientations_iPad = "UIInterfaceOrientationPortrait UIInterfaceOrientationPortraitUpsideDown UIInterfaceOrientationLandscapeLeft UIInterfaceOrientationLandscapeRight";
				INFOPLIST_KEY_UISupportedInterfaceOrientations_iPhone = "UIInterfaceOrientationPortrait UIInterfaceOrientationLandscapeLeft UIInterfaceOrientationLandscapeRight";
				LD_RUNPATH_SEARCH_PATHS = (
					"$(inherited)",
					"@executable_path/Frameworks",
				);
				MARKETING_VERSION = 1.0;
				PRODUCT_BUNDLE_IDENTIFIER = com.luiscalvillo.weatherkit;
				PRODUCT_NAME = "$(TARGET_NAME)";
				SWIFT_EMIT_LOC_STRINGS = YES;
				SWIFT_VERSION = 5.0;
				TARGETED_DEVICE_FAMILY = "1,2";
			};
			name = Release;
		};
/* End XCBuildConfiguration section */

/* Begin XCConfigurationList section */
		A8088E9C2C536285005249EF /* Build configuration list for PBXProject "WeatherKitApp" */ = {
			isa = XCConfigurationList;
			buildConfigurations = (
				A8088EB32C536287005249EF /* Debug */,
				A8088EB42C536287005249EF /* Release */,
			);
			defaultConfigurationIsVisible = 0;
			defaultConfigurationName = Release;
		};
		A8088EB52C536287005249EF /* Build configuration list for PBXNativeTarget "WeatherKitApp" */ = {
			isa = XCConfigurationList;
			buildConfigurations = (
				A8088EB62C536287005249EF /* Debug */,
				A8088EB72C536287005249EF /* Release */,
			);
			defaultConfigurationIsVisible = 0;
			defaultConfigurationName = Release;
		};
/* End XCConfigurationList section */
	};
	rootObject = A8088E992C536285005249EF /* Project object */;
}
